
Microsoft Visual Studio Solution File, Format Version 12.00
# Visual Studio 15
VisualStudioVersion = 15.0.28307.271
MinimumVisualStudioVersion = 10.0.40219.1
Project("{8BC9CEB8-8B4A-11D0-8D11-00A0C91BC942}") = "CMP502 Coursework", "CMP502 Coursework\CMP502 Coursework.vcxproj", "{FFFB371E-9264-4B3B-A9E6-78A683BC4C87}"
EndProject
Global
	GlobalSection(SolutionConfigurationPlatforms) = preSolution
		Debug|x64 = Debug|x64
		Debug|x86 = Debug|x86
		Release|x64 = Release|x64
		Release|x86 = Release|x86
	EndGlobalSection
	GlobalSection(ProjectConfigurationPlatforms) = postSolution
		{FFFB371E-9264-4B3B-A9E6-78A683BC4C87}.Debug|x64.ActiveCfg = Debug|x64
		{FFFB371E-9264-4B3B-A9E6-78A683BC4C87}.Debug|x64.Build.0 = Debug|x64
		{FFFB371E-9264-4B3B-A9E6-78A683BC4C87}.Debug|x86.ActiveCfg = Debug|Win32
		{FFFB371E-9264-4B3B-A9E6-78A683BC4C87}.Debug|x86.Build.0 = Debug|Win32
		{FFFB371E-9264-4B3B-A9E6-78A683BC4C87}.Release|x64.ActiveCfg = Release|x64
		{FFFB371E-9264-4B3B-A9E6-78A683BC4C87}.Release|x64.Build.0 = Release|x64
		{FFFB371E-9264-4B3B-A9E6-78A683BC4C87}.Release|x86.ActiveCfg = Release|Win32
		{FFFB371E-9264-4B3B-A9E6-78A683BC4C87}.Release|x86.Build.0 = Release|Win32
	EndGlobalSection
	GlobalSection(SolutionProperties) = preSolution
		HideSolutionNode = FALSE
	EndGlobalSection
	GlobalSection(ExtensibilityGlobals) = postSolution
		SolutionGuid = {A3DB55E3-70E6-4810-9AFC-F36177617955}
	EndGlobalSection
EndGlobal
